schema: '2.0'
stages:
  prepare:
    cmd: python -m src.data_prep
    deps:
    - path: data/raw/credit_risk.csv
      hash: md5
      md5: 801d6b24625fac942c97c11485ab8e51
      size: 1615322
    - path: src/data_prep.py
      hash: md5
      md5: f3aa2b7fa1c8eb9f235a6e4e67fe9e49
      size: 915
    outs:
    - path: data/processed/train.csv
      hash: md5
      md5: 5ab9661c4f33d586e33b3914b52b0408
      size: 1304121
    - path: data/processed/valid.csv
      hash: md5
      md5: 20fd31125959090885b397d230d7695b
      size: 326465
  train:
    cmd: python -m src.train
    deps:
    - path: data/processed/train.csv
      hash: md5
      md5: 5ab9661c4f33d586e33b3914b52b0408
      size: 1304121
    - path: data/processed/valid.csv
      hash: md5
      md5: 20fd31125959090885b397d230d7695b
      size: 326465
    - path: src/config.py
      hash: md5
      md5: 8e8861169f1c7e27a757df21015720e6
      size: 1426
    - path: src/cross_validation.py
      hash: md5
      md5: ef1e7e08e4e6d571cef326b04597fb87
      size: 3643
    - path: src/hyperparameter_optimization.py
      hash: md5
      md5: 201775587917617594ba23e67eb8c66c
      size: 5417
    - path: src/model_utils.py
      hash: md5
      md5: 44c52d153c430a04991d4e937962a480
      size: 3240
    - path: src/train.py
      hash: md5
      md5: d933d89a86e781d8ed36dbff31f7298c
      size: 5746
    outs:
    - path: models/model-latest.pkl
      hash: md5
      md5: 5c974cbe40198845a058dd1c09fde896
      size: 6179
